// !$*UTF8*$!
{
	archiveVersion = 1;
	classes = {
	};
	objectVersion = 46;
	objects = {

/* Begin PBXBuildFile section */
		CC32B4771B89A6DD004EDA01 /* I'm yours - Jason Mraz.lrc in Resources */ = {isa = PBXBuildFile; fileRef = CC32B4761B89A6DD004EDA01 /* I'm yours - Jason Mraz.lrc */; };
		CCC88D721B880A5E00730833 /* main.m in Sources */ = {isa = PBXBuildFile; fileRef = CCC88D711B880A5E00730833 /* main.m */; };
		CCC88D751B880A5E00730833 /* AppDelegate.m in Sources */ = {isa = PBXBuildFile; fileRef = CCC88D741B880A5E00730833 /* AppDelegate.m */; };
		CCC88D7B1B880A5E00730833 /* Main.storyboard in Resources */ = {isa = PBXBuildFile; fileRef = CCC88D791B880A5E00730833 /* Main.storyboard */; };
		CCC88D7D1B880A5E00730833 /* Images.xcassets in Resources */ = {isa = PBXBuildFile; fileRef = CCC88D7C1B880A5E00730833 /* Images.xcassets */; };
		CCC88D801B880A5E00730833 /* LaunchScreen.xib in Resources */ = {isa = PBXBuildFile; fileRef = CCC88D7E1B880A5E00730833 /* LaunchScreen.xib */; };
		CCC88D8C1B880A5E00730833 /* __Tests.m in Sources */ = {isa = PBXBuildFile; fileRef = CCC88D8B1B880A5E00730833 /* __Tests.m */; };
		CCC88D991B880B7000730833 /* Song.plist in Resources */ = {isa = PBXBuildFile; fileRef = CCC88D981B880B7000730833 /* Song.plist */; };
		CCC88DA21B88147100730833 /* Again - YUI.mp3 in Resources */ = {isa = PBXBuildFile; fileRef = CCC88DA01B88147100730833 /* Again - YUI.mp3 */; };
		CCC88DA31B88147100730833 /* I'm yours - Jason Mraz.mp3 in Resources */ = {isa = PBXBuildFile; fileRef = CCC88DA11B88147100730833 /* I'm yours - Jason Mraz.mp3 */; };
		CCC88DA61B8814D300730833 /* 将军令 - 五月天.mp3 in Resources */ = {isa = PBXBuildFile; fileRef = CCC88DA51B8814D300730833 /* 将军令 - 五月天.mp3 */; };
		CCC88DA91B88192F00730833 /* PlayerVC.m in Sources */ = {isa = PBXBuildFile; fileRef = CCC88DA81B88192F00730833 /* PlayerVC.m */; };
		CCC88DAE1B88672A00730833 /* 将军令 - 五月天.lrc in Resources */ = {isa = PBXBuildFile; fileRef = CCC88DAB1B88672A00730833 /* 将军令 - 五月天.lrc */; };
		CCC88DAF1B88672A00730833 /* Again - YUI.lrc in Resources */ = {isa = PBXBuildFile; fileRef = CCC88DAC1B88672A00730833 /* Again - YUI.lrc */; };
/* End PBXBuildFile section */

/* Begin PBXContainerItemProxy section */
		CCC88D861B880A5E00730833 /* PBXContainerItemProxy */ = {
			isa = PBXContainerItemProxy;
			containerPortal = CCC88D641B880A5E00730833 /* Project object */;
			proxyType = 1;
			remoteGlobalIDString = CCC88D6B1B880A5E00730833;
			remoteInfo = "音乐";
		};
/* End PBXContainerItemProxy section */

/* Begin PBXFileReference section */
		CC32B4761B89A6DD004EDA01 /* I'm yours - Jason Mraz.lrc */ = {isa = PBXFileReference; fileEncoding = 4; lastKnownFileType = text; path = "I'm yours - Jason Mraz.lrc"; sourceTree = "<group>"; };
		CCC88D6C1B880A5E00730833 /* 音乐.app */ = {isa = PBXFileReference; explicitFileType = wrapper.application; includeInIndex = 0; path = "音乐.app"; sourceTree = BUILT_PRODUCTS_DIR; };
		CCC88D701B880A5E00730833 /* Info.plist */ = {isa = PBXFileReference; lastKnownFileType = text.plist.xml; path = Info.plist; sourceTree = "<group>"; };
		CCC88D711B880A5E00730833 /* main.m */ = {isa = PBXFileReference; lastKnownFileType = sourcecode.c.objc; path = main.m; sourceTree = "<group>"; };
		CCC88D731B880A5E00730833 /* AppDelegate.h */ = {isa = PBXFileReference; lastKnownFileType = sourcecode.c.h; path = AppDelegate.h; sourceTree = "<group>"; };
		CCC88D741B880A5E00730833 /* AppDelegate.m */ = {isa = PBXFileReference; lastKnownFileType = sourcecode.c.objc; path = AppDelegate.m; sourceTree = "<group>"; };
		CCC88D7A1B880A5E00730833 /* Base */ = {isa = PBXFileReference; lastKnownFileType = file.storyboard; name = Base; path = Base.lproj/Main.storyboard; sourceTree = "<group>"; };
		CCC88D7C1B880A5E00730833 /* Images.xcassets */ = {isa = PBXFileReference; lastKnownFileType = folder.assetcatalog; path = Images.xcassets; sourceTree = "<group>"; };
		CCC88D7F1B880A5E00730833 /* Base */ = {isa = PBXFileReference; lastKnownFileType = file.xib; name = Base; path = Base.lproj/LaunchScreen.xib; sourceTree = "<group>"; };
		CCC88D851B880A5E00730833 /* 音乐Tests.xctest */ = {isa = PBXFileReference; explicitFileType = wrapper.cfbundle; includeInIndex = 0; path = "音乐Tests.xctest"; sourceTree = BUILT_PRODUCTS_DIR; };
		CCC88D8A1B880A5E00730833 /* Info.plist */ = {isa = PBXFileReference; lastKnownFileType = text.plist.xml; path = Info.plist; sourceTree = "<group>"; };
		CCC88D8B1B880A5E00730833 /* __Tests.m */ = {isa = PBXFileReference; lastKnownFileType = sourcecode.c.objc; path = __Tests.m; sourceTree = "<group>"; };
		CCC88D981B880B7000730833 /* Song.plist */ = {isa = PBXFileReference; fileEncoding = 4; lastKnownFileType = text.plist.xml; path = Song.plist; sourceTree = "<group>"; };
		CCC88DA01B88147100730833 /* Again - YUI.mp3 */ = {isa = PBXFileReference; lastKnownFileType = audio.mp3; path = "Again - YUI.mp3"; sourceTree = "<group>"; };
		CCC88DA11B88147100730833 /* I'm yours - Jason Mraz.mp3 */ = {isa = PBXFileReference; lastKnownFileType = audio.mp3; path = "I'm yours - Jason Mraz.mp3"; sourceTree = "<group>"; };
		CCC88DA51B8814D300730833 /* 将军令 - 五月天.mp3 */ = {isa = PBXFileReference; lastKnownFileType = audio.mp3; path = "将军令 - 五月天.mp3"; sourceTree = "<group>"; };
		CCC88DA71B88192F00730833 /* PlayerVC.h */ = {isa = PBXFileReference; fileEncoding = 4; lastKnownFileType = sourcecode.c.h; path = PlayerVC.h; sourceTree = "<group>"; };
		CCC88DA81B88192F00730833 /* PlayerVC.m */ = {isa = PBXFileReference; fileEncoding = 4; lastKnownFileType = sourcecode.c.objc; path = PlayerVC.m; sourceTree = "<group>"; };
		CCC88DAA1B88586900730833 /* commen.h */ = {isa = PBXFileReference; lastKnownFileType = sourcecode.c.h; path = commen.h; sourceTree = "<group>"; };
		CCC88DAB1B88672A00730833 /* 将军令 - 五月天.lrc */ = {isa = PBXFileReference; fileEncoding = 4; lastKnownFileType = text; path = "将军令 - 五月天.lrc"; sourceTree = "<group>"; };
		CCC88DAC1B88672A00730833 /* Again - YUI.lrc */ = {isa = PBXFileReference; fileEncoding = 4; lastKnownFileType = text; path = "Again - YUI.lrc"; sourceTree = "<group>"; };
/* End PBXFileReference section */

/* Begin PBXFrameworksBuildPhase section */
		CCC88D691B880A5E00730833 /* Frameworks */ = {
			isa = PBXFrameworksBuildPhase;
			buildActionMask = 2147483647;
			files = (
			);
			runOnlyForDeploymentPostprocessing = 0;
		};
		CCC88D821B880A5E00730833 /* Frameworks */ = {
			isa = PBXFrameworksBuildPhase;
			buildActionMask = 2147483647;
			files = (
			);
			runOnlyForDeploymentPostprocessing = 0;
		};
/* End PBXFrameworksBuildPhase section */

/* Begin PBXGroup section */
		CCC88D631B880A5E00730833 = {
			isa = PBXGroup;
			children = (
				CCC88D6E1B880A5E00730833 /* 音乐 */,
				CCC88D881B880A5E00730833 /* 音乐Tests */,
				CCC88D6D1B880A5E00730833 /* Products */,
			);
			sourceTree = "<group>";
		};
		CCC88D6D1B880A5E00730833 /* Products */ = {
			isa = PBXGroup;
			children = (
				CCC88D6C1B880A5E00730833 /* 音乐.app */,
				CCC88D851B880A5E00730833 /* 音乐Tests.xctest */,
			);
			name = Products;
			sourceTree = "<group>";
		};
		CCC88D6E1B880A5E00730833 /* 音乐 */ = {
			isa = PBXGroup;
			children = (
				CCC88D971B880AA500730833 /* Models */,
				CCC88D961B880A9D00730833 /* Views */,
				CCC88D951B880A9200730833 /* Controllers */,
				CCC88D6F1B880A5E00730833 /* Supporting Files */,
			);
			path = "音乐";
			sourceTree = "<group>";
		};
		CCC88D6F1B880A5E00730833 /* Supporting Files */ = {
			isa = PBXGroup;
			children = (
				CC32B4761B89A6DD004EDA01 /* I'm yours - Jason Mraz.lrc */,
				CCC88DAB1B88672A00730833 /* 将军令 - 五月天.lrc */,
				CCC88DAC1B88672A00730833 /* Again - YUI.lrc */,
				CCC88DA51B8814D300730833 /* 将军令 - 五月天.mp3 */,
				CCC88DA01B88147100730833 /* Again - YUI.mp3 */,
				CCC88DA11B88147100730833 /* I'm yours - Jason Mraz.mp3 */,
				CCC88D731B880A5E00730833 /* AppDelegate.h */,
				CCC88D741B880A5E00730833 /* AppDelegate.m */,
				CCC88D7C1B880A5E00730833 /* Images.xcassets */,
				CCC88D701B880A5E00730833 /* Info.plist */,
				CCC88D981B880B7000730833 /* Song.plist */,
				CCC88D711B880A5E00730833 /* main.m */,
				CCC88DAA1B88586900730833 /* commen.h */,
			);
			name = "Supporting Files";
			sourceTree = "<group>";
		};
		CCC88D881B880A5E00730833 /* 音乐Tests */ = {
			isa = PBXGroup;
			children = (
				CCC88D8B1B880A5E00730833 /* __Tests.m */,
				CCC88D891B880A5E00730833 /* Supporting Files */,
			);
			path = "音乐Tests";
			sourceTree = "<group>";
		};
		CCC88D891B880A5E00730833 /* Supporting Files */ = {
			isa = PBXGroup;
			children = (
				CCC88D8A1B880A5E00730833 /* Info.plist */,
			);
			name = "Supporting Files";
			sourceTree = "<group>";
		};
		CCC88D951B880A9200730833 /* Controllers */ = {
			isa = PBXGroup;
			children = (
				CCC88DA71B88192F00730833 /* PlayerVC.h */,
				CCC88DA81B88192F00730833 /* PlayerVC.m */,
			);
			name = Controllers;
			sourceTree = "<group>";
		};
		CCC88D961B880A9D00730833 /* Views */ = {
			isa = PBXGroup;
			children = (
				CCC88D791B880A5E00730833 /* Main.storyboard */,
				CCC88D7E1B880A5E00730833 /* LaunchScreen.xib */,
			);
			name = Views;
			sourceTree = "<group>";
		};
		CCC88D971B880AA500730833 /* Models */ = {
			isa = PBXGroup;
			children = (
			);
			name = Models;
			sourceTree = "<group>";
		};
/* End PBXGroup section */

/* Begin PBXNativeTarget section */
		CCC88D6B1B880A5E00730833 /* 音乐 */ = {
			isa = PBXNativeTarget;
			buildConfigurationList = CCC88D8F1B880A5E00730833 /* Build configuration list for PBXNativeTarget "音乐" */;
			buildPhases = (
				CCC88D681B880A5E00730833 /* Sources */,
				CCC88D691B880A5E00730833 /* Frameworks */,
				CCC88D6A1B880A5E00730833 /* Resources */,
			);
			buildRules = (
			);
			dependencies = (
			);
			name = "音乐";
			productName = "音乐";
			productReference = CCC88D6C1B880A5E00730833 /* 音乐.app */;
			productType = "com.apple.product-type.application";
		};
		CCC88D841B880A5E00730833 /* 音乐Tests */ = {
			isa = PBXNativeTarget;
			buildConfigurationList = CCC88D921B880A5E00730833 /* Build configuration list for PBXNativeTarget "音乐Tests" */;
			buildPhases = (
				CCC88D811B880A5E00730833 /* Sources */,
				CCC88D821B880A5E00730833 /* Frameworks */,
				CCC88D831B880A5E00730833 /* Resources */,
			);
			buildRules = (
			);
			dependencies = (
				CCC88D871B880A5E00730833 /* PBXTargetDependency */,
			);
			name = "音乐Tests";
			productName = "音乐Tests";
			productReference = CCC88D851B880A5E00730833 /* 音乐Tests.xctest */;
			productType = "com.apple.product-type.bundle.unit-test";
		};
/* End PBXNativeTarget section */

/* Begin PBXProject section */
		CCC88D641B880A5E00730833 /* Project object */ = {
			isa = PBXProject;
			attributes = {
				LastUpgradeCheck = 0640;
				ORGANIZATIONNAME = hnqingyun;
				TargetAttributes = {
					CCC88D6B1B880A5E00730833 = {
						CreatedOnToolsVersion = 6.4;
					};
					CCC88D841B880A5E00730833 = {
						CreatedOnToolsVersion = 6.4;
						TestTargetID = CCC88D6B1B880A5E00730833;
					};
				};
			};
			buildConfigurationList = CCC88D671B880A5E00730833 /* Build configuration list for PBXProject "音乐" */;
			compatibilityVersion = "Xcode 3.2";
			developmentRegion = English;
			hasScannedForEncodings = 0;
			knownRegions = (
				en,
				Base,
			);
			mainGroup = CCC88D631B880A5E00730833;
			productRefGroup = CCC88D6D1B880A5E00730833 /* Products */;
			projectDirPath = "";
			projectRoot = "";
			targets = (
				CCC88D6B1B880A5E00730833 /* 音乐 */,
				CCC88D841B880A5E00730833 /* 音乐Tests */,
			);
		};
/* End PBXProject section */

/* Begin PBXResourcesBuildPhase section */
		CCC88D6A1B880A5E00730833 /* Resources */ = {
			isa = PBXResourcesBuildPhase;
			buildActionMask = 2147483647;
			files = (
				CCC88D7B1B880A5E00730833 /* Main.storyboard in Resources */,
				CCC88D801B880A5E00730833 /* LaunchScreen.xib in Resources */,
				CCC88DA31B88147100730833 /* I'm yours - Jason Mraz.mp3 in Resources */,
				CC32B4771B89A6DD004EDA01 /* I'm yours - Jason Mraz.lrc in Resources */,
				CCC88DAE1B88672A00730833 /* 将军令 - 五月天.lrc in Resources */,
				CCC88DA61B8814D300730833 /* 将军令 - 五月天.mp3 in Resources */,
				CCC88DA21B88147100730833 /* Again - YUI.mp3 in Resources */,
				CCC88D7D1B880A5E00730833 /* Images.xcassets in Resources */,
				CCC88DAF1B88672A00730833 /* Again - YUI.lrc in Resources */,
				CCC88D991B880B7000730833 /* Song.plist in Resources */,
			);
			runOnlyForDeploymentPostprocessing = 0;
		};
		CCC88D831B880A5E00730833 /* Resources */ = {
			isa = PBXResourcesBuildPhase;
			buildActionMask = 2147483647;
			files = (
			);
			runOnlyForDeploymentPostprocessing = 0;
		};
/* End PBXResourcesBuildPhase section */

/* Begin PBXSourcesBuildPhase section */
		CCC88D681B880A5E00730833 /* Sources */ = {
			isa = PBXSourcesBuildPhase;
			buildActionMask = 2147483647;
			files = (
				CCC88D751B880A5E00730833 /* AppDelegate.m in Sources */,
				CCC88D721B880A5E00730833 /* main.m in Sources */,
				CCC88DA91B88192F00730833 /* PlayerVC.m in Sources */,
			);
			runOnlyForDeploymentPostprocessing = 0;
		};
		CCC88D811B880A5E00730833 /* Sources */ = {
			isa = PBXSourcesBuildPhase;
			buildActionMask = 2147483647;
			files = (
				CCC88D8C1B880A5E00730833 /* __Tests.m in Sources */,
			);
			runOnlyForDeploymentPostprocessing = 0;
		};
/* End PBXSourcesBuildPhase section */

/* Begin PBXTargetDependency section */
		CCC88D871B880A5E00730833 /* PBXTargetDependency */ = {
			isa = PBXTargetDependency;
			target = CCC88D6B1B880A5E00730833 /* 音乐 */;
			targetProxy = CCC88D861B880A5E00730833 /* PBXContainerItemProxy */;
		};
/* End PBXTargetDependency section */

/* Begin PBXVariantGroup section */
		CCC88D791B880A5E00730833 /* Main.storyboard */ = {
			isa = PBXVariantGroup;
			children = (
				CCC88D7A1B880A5E00730833 /* Base */,
			);
			name = Main.storyboard;
			sourceTree = "<group>";
		};
		CCC88D7E1B880A5E00730833 /* LaunchScreen.xib */ = {
			isa = PBXVariantGroup;
			children = (
				CCC88D7F1B880A5E00730833 /* Base */,
			);
			name = LaunchScreen.xib;
			sourceTree = "<group>";
		};
/* End PBXVariantGroup section */

/* Begin XCBuildConfiguration section */
		CCC88D8D1B880A5E00730833 /* Debug */ = {
			isa = XCBuildConfiguration;
			buildSettings = {
				ALWAYS_SEARCH_USER_PATHS = NO;
				CLANG_CXX_LANGUAGE_STANDARD = "gnu++0x";
				CLANG_CXX_LIBRARY = "libc++";
				CLANG_ENABLE_MODULES = YES;
				CLANG_ENABLE_OBJC_ARC = YES;
				CLANG_WARN_BOOL_CONVERSION = YES;
				CLANG_WARN_CONSTANT_CONVERSION = YES;
				CLANG_WARN_DIRECT_OBJC_ISA_USAGE = YES_ERROR;
				CLANG_WARN_EMPTY_BODY = YES;
				CLANG_WARN_ENUM_CONVERSION = YES;
				CLANG_WARN_INT_CONVERSION = YES;
				CLANG_WARN_OBJC_ROOT_CLASS = YES_ERROR;
				CLANG_WARN_UNREACHABLE_CODE = YES;
				CLANG_WARN__DUPLICATE_METHOD_MATCH = YES;
				"CODE_SIGN_IDENTITY[sdk=iphoneos*]" = "iPhone Developer";
				COPY_PHASE_STRIP = NO;
				DEBUG_INFORMATION_FORMAT = "dwarf-with-dsym";
				ENABLE_STRICT_OBJC_MSGSEND = YES;
				GCC_C_LANGUAGE_STANDARD = gnu99;
				GCC_DYNAMIC_NO_PIC = NO;
				GCC_NO_COMMON_BLOCKS = YES;
				GCC_OPTIMIZATION_LEVEL = 0;
				GCC_PREPROCESSOR_DEFINITIONS = (
					"DEBUG=1",
					"$(inherited)",
				);
				GCC_SYMBOLS_PRIVATE_EXTERN = NO;
				GCC_WARN_64_TO_32_BIT_CONVERSION = YES;
				GCC_WARN_ABOUT_RETURN_TYPE = YES_ERROR;
				GCC_WARN_UNDECLARED_SELECTOR = YES;
				GCC_WARN_UNINITIALIZED_AUTOS = YES_AGGRESSIVE;
				GCC_WARN_UNUSED_FUNCTION = YES;
				GCC_WARN_UNUSED_VARIABLE = YES;
				IPHONEOS_DEPLOYMENT_TARGET = 8.3;
				MTL_ENABLE_DEBUG_INFO = YES;
				ONLY_ACTIVE_ARCH = YES;
				SDKROOT = iphoneos;
			};
			name = Debug;
		};
		CCC88D8E1B880A5E00730833 /* Release */ = {
			isa = XCBuildConfiguration;
			buildSettings = {
				ALWAYS_SEARCH_USER_PATHS = NO;
				CLANG_CXX_LANGUAGE_STANDARD = "gnu++0x";
				CLANG_CXX_LIBRARY = "libc++";
				CLANG_ENABLE_MODULES = YES;
				CLANG_ENABLE_OBJC_ARC = YES;
				CLANG_WARN_BOOL_CONVERSION = YES;
				CLANG_WARN_CONSTANT_CONVERSION = YES;
				CLANG_WARN_DIRECT_OBJC_ISA_USAGE = YES_ERROR;
				CLANG_WARN_EMPTY_BODY = YES;
				CLANG_WARN_ENUM_CONVERSION = YES;
				CLANG_WARN_INT_CONVERSION = YES;
				CLANG_WARN_OBJC_ROOT_CLASS = YES_ERROR;
				CLANG_WARN_UNREACHABLE_CODE = YES;
				CLANG_WARN__DUPLICATE_METHOD_MATCH = YES;
				"CODE_SIGN_IDENTITY[sdk=iphoneos*]" = "iPhone Developer";
				COPY_PHASE_STRIP = NO;
				DEBUG_INFORMATION_FORMAT = "dwarf-with-dsym";
				ENABLE_NS_ASSERTIONS = NO;
				ENABLE_STRICT_OBJC_MSGSEND = YES;
				GCC_C_LANGUAGE_STANDARD = gnu99;
				GCC_NO_COMMON_BLOCKS = YES;
				GCC_WARN_64_TO_32_BIT_CONVERSION = YES;
				GCC_WARN_ABOUT_RETURN_TYPE = YES_ERROR;
				GCC_WARN_UNDECLARED_SELECTOR = YES;
				GCC_WARN_UNINITIALIZED_AUTOS = YES_AGGRESSIVE;
				GCC_WARN_UNUSED_FUNCTION = YES;
				GCC_WARN_UNUSED_VARIABLE = YES;
				IPHONEOS_DEPLOYMENT_TARGET = 8.3;
				MTL_ENABLE_DEBUG_INFO = NO;
				SDKROOT = iphoneos;
				VALIDATE_PRODUCT = YES;
			};
			name = Release;
		};
		CCC88D901B880A5E00730833 /* Debug */ = {
			isa = XCBuildConfiguration;
			buildSettings = {
				ASSETCATALOG_COMPILER_APPICON_NAME = AppIcon;
				INFOPLIST_FILE = "音乐/Info.plist";
				IPHONEOS_DEPLOYMENT_TARGET = 8.3;
				LD_RUNPATH_SEARCH_PATHS = "$(inherited) @executable_path/Frameworks";
				PRODUCT_NAME = "$(TARGET_NAME)";
			};
			name = Debug;
		};
		CCC88D911B880A5E00730833 /* Release */ = {
			isa = XCBuildConfiguration;
			buildSettings = {
				ASSETCATALOG_COMPILER_APPICON_NAME = AppIcon;
				INFOPLIST_FILE = "音乐/Info.plist";
				IPHONEOS_DEPLOYMENT_TARGET = 8.3;
				LD_RUNPATH_SEARCH_PATHS = "$(inherited) @executable_path/Frameworks";
				PRODUCT_NAME = "$(TARGET_NAME)";
			};
			name = Release;
		};
		CCC88D931B880A5E00730833 /* Debug */ = {
			isa = XCBuildConfiguration;
			buildSettings = {
				BUNDLE_LOADER = "$(TEST_HOST)";
				FRAMEWORK_SEARCH_PATHS = (
					"$(SDKROOT)/Developer/Library/Frameworks",
					"$(inherited)",
				);
				GCC_PREPROCESSOR_DEFINITIONS = (
					"DEBUG=1",
					"$(inherited)",
				);
				INFOPLIST_FILE = "音乐Tests/Info.plist";
				LD_RUNPATH_SEARCH_PATHS = "$(inherited) @executable_path/Frameworks @loader_path/Frameworks";
				PRODUCT_NAME = "$(TARGET_NAME)";
				TEST_HOST = "$(BUILT_PRODUCTS_DIR)/音乐.app/音乐";
			};
			name = Debug;
		};
		CCC88D941B880A5E00730833 /* Release */ = {
			isa = XCBuildConfiguration;
			buildSettings = {
				BUNDLE_LOADER = "$(TEST_HOST)";
				FRAMEWORK_SEARCH_PATHS = (
					"$(SDKROOT)/Developer/Library/Frameworks",
					"$(inherited)",
				);
				INFOPLIST_FILE = "音乐Tests/Info.plist";
				LD_RUNPATH_SEARCH_PATHS = "$(inherited) @executable_path/Frameworks @loader_path/Frameworks";
				PRODUCT_NAME = "$(TARGET_NAME)";
				TEST_HOST = "$(BUILT_PRODUCTS_DIR)/音乐.app/音乐";
			};
			name = Release;
		};
/* End XCBuildConfiguration section */

/* Begin XCConfigurationList section */
		CCC88D671B880A5E00730833 /* Build configuration list for PBXProject "音乐" */ = {
			isa = XCConfigurationList;
			buildConfigurations = (
				CCC88D8D1B880A5E00730833 /* Debug */,
				CCC88D8E1B880A5E00730833 /* Release */,
			);
			defaultConfigurationIsVisible = 0;
			defaultConfigurationName = Release;
		};
		CCC88D8F1B880A5E00730833 /* Build configuration list for PBXNativeTarget "音乐" */ = {
			isa = XCConfigurationList;
			buildConfigurations = (
				CCC88D901B880A5E00730833 /* Debug */,
				CCC88D911B880A5E00730833 /* Release */,
			);
			defaultConfigurationIsVisible = 0;
			defaultConfigurationName = Release;
		};
		CCC88D921B880A5E00730833 /* Build configuration list for PBXNativeTarget "音乐Tests" */ = {
			isa = XCConfigurationList;
			buildConfigurations = (
				CCC88D931B880A5E00730833 /* Debug */,
				CCC88D941B880A5E00730833 /* Release */,
			);
			defaultConfigurationIsVisible = 0;
			defaultConfigurationName = Release;
		};
/* End XCConfigurationList section */
	};
	rootObject = CCC88D641B880A5E00730833 /* Project object */;
}
